{
    "name": "sfmc-language-server",
    "version": "1.0.0",
    "lockfileVersion": 3,
    "requires": true,
    "packages": {
        "": {
            "name": "sfmc-language-server",
            "version": "1.0.0",
            "license": "MIT",
            "dependencies": {
                "sfmc-language-lsp": "^1.0.3",
                "typescript": "^6.0.3",
                "vscode-languageserver": "^9.0.1",
                "vscode-languageserver-textdocument": "^1.0.11"
            },
            "engines": {
                "node": "*"
            }
        },
        "node_modules/ampscript-data": {
            "version": "1.0.0",
            "resolved": "https://registry.npmjs.org/ampscript-data/-/ampscript-data-1.0.0.tgz",
            "integrity": "sha512-4pTPxhUtEDMfyCl6B8NyH6RsRIYaVJGvwWf+AZXpCqgmRWirO3VdXdW4P33Q75uBS0YudSA501m9BCfAUQoljw==",
            "license": "MIT",
            "engines": {
                "node": ">=18.0.0"
            }
        },
        "node_modules/sfmc-language-lsp": {
            "version": "1.0.3",
            "resolved": "https://registry.npmjs.org/sfmc-language-lsp/-/sfmc-language-lsp-1.0.3.tgz",
            "integrity": "sha512-l/D1+yp8kxJIbd8R9VZzuH4SNwhNNjOrsDObfkdkk26awixlR9KviUzbn4ExfZWCxgY+kV1CCgCHrDkjVlt2mg==",
            "license": "MIT",
            "dependencies": {
                "ampscript-data": "^1.0.0",
                "ssjs-data": "^0.4.1",
                "vscode-languageserver-types": "^3.17.5"
            },
            "engines": {
                "node": ">=18.0.0"
            }
        },
        "node_modules/ssjs-data": {
            "version": "0.4.1",
            "resolved": "https://registry.npmjs.org/ssjs-data/-/ssjs-data-0.4.1.tgz",
            "integrity": "sha512-ZelyA24kpR4X5pDwhKA8H/n07Srw7IyVzOavP5ID7f/nSUQwgdEGFv6+4A0MDTUm5GwOCArjdcID0/uLlxZrfw==",
            "license": "MIT",
            "engines": {
                "node": ">=18.0.0"
            }
        },
        "node_modules/typescript": {
            "version": "6.0.3",
            "resolved": "https://registry.npmjs.org/typescript/-/typescript-6.0.3.tgz",
            "integrity": "sha512-y2TvuxSZPDyQakkFRPZHKFm+KKVqIisdg9/CZwm9ftvKXLP8NRWj38/ODjNbr43SsoXqNuAisEf1GdCxqWcdBw==",
            "license": "Apache-2.0",
            "bin": {
                "tsc": "bin/tsc",
                "tsserver": "bin/tsserver"
            },
            "engines": {
                "node": ">=14.17"
            }
        },
        "node_modules/vscode-jsonrpc": {
            "version": "8.2.0",
            "resolved": "https://registry.npmjs.org/vscode-jsonrpc/-/vscode-jsonrpc-8.2.0.tgz",
            "integrity": "sha512-C+r0eKJUIfiDIfwJhria30+TYWPtuHJXHtI7J0YlOmKAo7ogxP20T0zxB7HZQIFhIyvoBPwWskjxrvAtfjyZfA==",
            "license": "MIT",
            "engines": {
                "node": ">=14.0.0"
            }
        },
        "node_modules/vscode-languageserver": {
            "version": "9.0.1",
            "resolved": "https://registry.npmjs.org/vscode-languageserver/-/vscode-languageserver-9.0.1.tgz",
            "integrity": "sha512-woByF3PDpkHFUreUa7Hos7+pUWdeWMXRd26+ZX2A8cFx6v/JPTtd4/uN0/jB6XQHYaOlHbio03NTHCqrgG5n7g==",
            "license": "MIT",
            "dependencies": {
                "vscode-languageserver-protocol": "3.17.5"
            },
            "bin": {
                "installServerIntoExtension": "bin/installServerIntoExtension"
            }
        },
        "node_modules/vscode-languageserver-protocol": {
            "version": "3.17.5",
            "resolved": "https://registry.npmjs.org/vscode-languageserver-protocol/-/vscode-languageserver-protocol-3.17.5.tgz",
            "integrity": "sha512-mb1bvRJN8SVznADSGWM9u/b07H7Ecg0I3OgXDuLdn307rl/J3A9YD6/eYOssqhecL27hK1IPZAsaqh00i/Jljg==",
            "license": "MIT",
            "dependencies": {
                "vscode-jsonrpc": "8.2.0",
                "vscode-languageserver-types": "3.17.5"
            }
        },
        "node_modules/vscode-languageserver-textdocument": {
            "version": "1.0.12",
            "resolved": "https://registry.npmjs.org/vscode-languageserver-textdocument/-/vscode-languageserver-textdocument-1.0.12.tgz",
            "integrity": "sha512-cxWNPesCnQCcMPeenjKKsOCKQZ/L6Tv19DTRIGuLWe32lyzWhihGVJ/rcckZXJxfdKCFvRLS3fpBIsV/ZGX4zA==",
            "license": "MIT"
        },
        "node_modules/vscode-languageserver-types": {
            "version": "3.17.5",
            "resolved": "https://registry.npmjs.org/vscode-languageserver-types/-/vscode-languageserver-types-3.17.5.tgz",
            "integrity": "sha512-Ld1VelNuX9pdF39h2Hgaeb5hEZM2Z3jUrrMgWQAu82jMtZp7p3vJT3BzToKtZI7NgQssZje5o0zryOrhQvzQAg==",
            "license": "MIT"
        }
    }
}
