{
    "name": "sfmc-language-server",
    "version": "1.0.0",
    "lockfileVersion": 3,
    "requires": true,
    "packages": {
        "": {
            "name": "sfmc-language-server",
            "version": "1.0.0",
            "license": "MIT",
            "dependencies": {
                "sfmc-language-lsp": "^3.17.1",
                "typescript": "^6.0.3",
                "vscode-languageserver": "^10.1.0",
                "vscode-languageserver-textdocument": "^1.0.12"
            },
            "engines": {
                "node": "*"
            }
        },
        "node_modules/ampscript-data": {
            "version": "4.0.0",
            "resolved": "https://registry.npmjs.org/ampscript-data/-/ampscript-data-4.0.0.tgz",
            "integrity": "sha512-9DZYcBKrG+Ps+eyhpyqwUCupYj/qE6oLEMk+NE0KBZI35MGrGWrqIsz0oBSJ+yNQmKR1JFIaj+t5RwIlViMcCg==",
            "license": "MIT",
            "engines": {
                "node": ">=22.0.0"
            }
        },
        "node_modules/handlebars-data": {
            "version": "0.4.0",
            "resolved": "https://registry.npmjs.org/handlebars-data/-/handlebars-data-0.4.0.tgz",
            "integrity": "sha512-Hi8N/wHAFd2aOMuNWzN95u8bbQ9sSbRmcn+hytkCYKpNjpGwywHa8DATL55VjMOeHZQLtHGVR6hJGPR1oE/6YA==",
            "license": "MIT",
            "engines": {
                "node": ">=22.0.0"
            }
        },
        "node_modules/sfmc-handlebars-parser": {
            "version": "0.1.1",
            "resolved": "https://registry.npmjs.org/sfmc-handlebars-parser/-/sfmc-handlebars-parser-0.1.1.tgz",
            "integrity": "sha512-LanOmfxu8CGj/srg3HoSebgn4EhCSTGWXVk1QFVBb3vl7RZ4LGlhgQ4SjRc7UOqJ8UiC61gOM6erZPmO+/5vmA==",
            "license": "MIT",
            "engines": {
                "node": ">=22.0.0"
            }
        },
        "node_modules/sfmc-language-lsp": {
            "version": "3.17.1",
            "resolved": "https://registry.npmjs.org/sfmc-language-lsp/-/sfmc-language-lsp-3.17.1.tgz",
            "integrity": "sha512-Q75qAAarVRm9O01FXkdhouim6ObCV6I44g/WAVxrqskqM1+q/OyNItZkDSISqwWTGR91+O22XeQl9wbJGFjF3Q==",
            "license": "MIT",
            "dependencies": {
                "ampscript-data": "^4.0.0",
                "handlebars-data": "^0.4.0",
                "sfmc-handlebars-parser": "^0.1.1",
                "ssjs-data": "^2.0.0",
                "vscode-languageserver-types": "^3.18.0"
            },
            "engines": {
                "node": ">=22.0.0"
            }
        },
        "node_modules/ssjs-data": {
            "version": "2.0.0",
            "resolved": "https://registry.npmjs.org/ssjs-data/-/ssjs-data-2.0.0.tgz",
            "integrity": "sha512-C6FeCTz/5sTRajU4DlvIMtjZ2Xvvt863FHe1n5RvTMYvpYE4g9HFDUEYg2JkcV25kSFEPySida/tLUGJQPAXRA==",
            "license": "MIT",
            "engines": {
                "node": ">=22.0.0"
            }
        },
        "node_modules/typescript": {
            "version": "6.0.3",
            "resolved": "https://registry.npmjs.org/typescript/-/typescript-6.0.3.tgz",
            "integrity": "sha512-y2TvuxSZPDyQakkFRPZHKFm+KKVqIisdg9/CZwm9ftvKXLP8NRWj38/ODjNbr43SsoXqNuAisEf1GdCxqWcdBw==",
            "license": "Apache-2.0",
            "bin": {
                "tsc": "bin/tsc",
                "tsserver": "bin/tsserver"
            },
            "engines": {
                "node": ">=14.17"
            }
        },
        "node_modules/vscode-jsonrpc": {
            "version": "9.0.1",
            "resolved": "https://registry.npmjs.org/vscode-jsonrpc/-/vscode-jsonrpc-9.0.1.tgz",
            "integrity": "sha512-rfuA6T75H6m5EkbhtEPzre9pT0HPcDI2MMy4+nPFIBks5J8JBAUHD4tRYSgaBOijIEC7SRkC1kKyXTLqbmh9jw==",
            "license": "MIT",
            "engines": {
                "node": ">=14.0.0"
            }
        },
        "node_modules/vscode-languageserver": {
            "version": "10.1.0",
            "resolved": "https://registry.npmjs.org/vscode-languageserver/-/vscode-languageserver-10.1.0.tgz",
            "integrity": "sha512-9gEWpXkYGXoqG7pBnE8O8hx/yP7+Aabn4+peQ3KDicQv6qunHSWyLTud3OF0w4S2+HfDD+5HqYKiXQW9HAU6mA==",
            "license": "MIT",
            "dependencies": {
                "vscode-languageserver-protocol": "3.18.2"
            },
            "bin": {
                "installServerIntoExtension": "bin/installServerIntoExtension"
            }
        },
        "node_modules/vscode-languageserver-protocol": {
            "version": "3.18.2",
            "resolved": "https://registry.npmjs.org/vscode-languageserver-protocol/-/vscode-languageserver-protocol-3.18.2.tgz",
            "integrity": "sha512-XRyDbT0Pp3sSNti3JmxVEUMySWCSi1hhM+/KUlCy1hV1zmrqpM1OwO12EAki8blhmLuIMpaJrYbo0OzGVfK2Qg==",
            "license": "MIT",
            "dependencies": {
                "vscode-jsonrpc": "9.0.1",
                "vscode-languageserver-types": "3.18.0"
            }
        },
        "node_modules/vscode-languageserver-textdocument": {
            "version": "1.0.12",
            "resolved": "https://registry.npmjs.org/vscode-languageserver-textdocument/-/vscode-languageserver-textdocument-1.0.12.tgz",
            "integrity": "sha512-cxWNPesCnQCcMPeenjKKsOCKQZ/L6Tv19DTRIGuLWe32lyzWhihGVJ/rcckZXJxfdKCFvRLS3fpBIsV/ZGX4zA==",
            "license": "MIT"
        },
        "node_modules/vscode-languageserver-types": {
            "version": "3.18.0",
            "resolved": "https://registry.npmjs.org/vscode-languageserver-types/-/vscode-languageserver-types-3.18.0.tgz",
            "integrity": "sha512-8TsGPNMIMiiBdkORgRSvLjuiEIiAFtO+KssmYWxQ+uSVvlf7RjK8YKCOjPzZ+YA04jXEV7+7LvkSmHkhpNS99g==",
            "license": "MIT"
        }
    }
}
